{
  "name": "Coin Revolution",
  "lockfileVersion": 3,
  "requires": true,
  "packages": {
    "": {
      "dependencies": {
        "break_eternity.js": "^2.1.0"
      }
    },
    "node_modules/break_eternity.js": {
      "version": "2.1.0",
      "resolved": "https://registry.npmjs.org/break_eternity.js/-/break_eternity.js-2.1.0.tgz",
      "integrity": "sha512-hszKhuVH6/dQ7gvIzFprnLVSEcXqsqhlyBrnvLejUNCOpOFcjCUB95HYZ3vLfYCAG0sXtlkMp3SZctbM9zuS/g==",
      "license": "MIT"
    }
  }
}
